// !$*UTF8*$!
{
	archiveVersion = 1;
	classes = {
	};
	objectVersion = 50;
	objects = {

/* Begin PBXBuildFile section */
		895EAEB4236B433E00F877B3 /* NSLocalizedStringExtention.swift in Sources */ = {isa = PBXBuildFile; fileRef = 895EAEB3236B433E00F877B3 /* NSLocalizedStringExtention.swift */; };
		8966F11023697B4200DE2AE0 /* AppDelegate.swift in Sources */ = {isa = PBXBuildFile; fileRef = 8966F10F23697B4200DE2AE0 /* AppDelegate.swift */; };
		8966F11423697B4400DE2AE0 /* Assets.xcassets in Resources */ = {isa = PBXBuildFile; fileRef = 8966F11323697B4400DE2AE0 /* Assets.xcassets */; };
		8966F11723697B4400DE2AE0 /* Main.storyboard in Resources */ = {isa = PBXBuildFile; fileRef = 8966F11523697B4400DE2AE0 /* Main.storyboard */; };
		8966F12123697B7100DE2AE0 /* IOKit.framework in Frameworks */ = {isa = PBXBuildFile; fileRef = 8966F12023697B7100DE2AE0 /* IOKit.framework */; };
		8966F12323697BB000DE2AE0 /* LightSensorManager.swift in Sources */ = {isa = PBXBuildFile; fileRef = 8966F12223697BB000DE2AE0 /* LightSensorManager.swift */; };
		8966F1272369939200DE2AE0 /* OSLogExtension.swift in Sources */ = {isa = PBXBuildFile; fileRef = 8966F1262369939200DE2AE0 /* OSLogExtension.swift */; };
		8966F12923699BB100DE2AE0 /* UIThemeSwitcher.swift in Sources */ = {isa = PBXBuildFile; fileRef = 8966F12823699BB100DE2AE0 /* UIThemeSwitcher.swift */; };
		8966F12B2369D48E00DE2AE0 /* SwitcherViewController.swift in Sources */ = {isa = PBXBuildFile; fileRef = 8966F12A2369D48E00DE2AE0 /* SwitcherViewController.swift */; };
/* End PBXBuildFile section */

/* Begin PBXFileReference section */
		895EAEB2236B429A00F877B3 /* ru */ = {isa = PBXFileReference; lastKnownFileType = text.plist.strings; name = ru; path = ru.lproj/Main.strings; sourceTree = "<group>"; };
		895EAEB3236B433E00F877B3 /* NSLocalizedStringExtention.swift */ = {isa = PBXFileReference; lastKnownFileType = sourcecode.swift; path = NSLocalizedStringExtention.swift; sourceTree = "<group>"; };
		895EAEB5236B455200F877B3 /* en-US */ = {isa = PBXFileReference; lastKnownFileType = text.plist.strings; name = "en-US"; path = "en-US.lproj/Main.strings"; sourceTree = "<group>"; };
		8966F10C23697B4200DE2AE0 /* Ambient Switcher.app */ = {isa = PBXFileReference; explicitFileType = wrapper.application; includeInIndex = 0; path = "Ambient Switcher.app"; sourceTree = BUILT_PRODUCTS_DIR; };
		8966F10F23697B4200DE2AE0 /* AppDelegate.swift */ = {isa = PBXFileReference; lastKnownFileType = sourcecode.swift; path = AppDelegate.swift; sourceTree = "<group>"; };
		8966F11323697B4400DE2AE0 /* Assets.xcassets */ = {isa = PBXFileReference; lastKnownFileType = folder.assetcatalog; path = Assets.xcassets; sourceTree = "<group>"; };
		8966F11623697B4400DE2AE0 /* Base */ = {isa = PBXFileReference; lastKnownFileType = file.storyboard; name = Base; path = Base.lproj/Main.storyboard; sourceTree = "<group>"; };
		8966F11823697B4400DE2AE0 /* Info.plist */ = {isa = PBXFileReference; lastKnownFileType = text.plist.xml; path = Info.plist; sourceTree = "<group>"; };
		8966F11923697B4400DE2AE0 /* Ambient_Switcher.entitlements */ = {isa = PBXFileReference; lastKnownFileType = text.plist.entitlements; path = Ambient_Switcher.entitlements; sourceTree = "<group>"; };
		8966F12023697B7100DE2AE0 /* IOKit.framework */ = {isa = PBXFileReference; lastKnownFileType = wrapper.framework; name = IOKit.framework; path = System/Library/Frameworks/IOKit.framework; sourceTree = SDKROOT; };
		8966F12223697BB000DE2AE0 /* LightSensorManager.swift */ = {isa = PBXFileReference; lastKnownFileType = sourcecode.swift; path = LightSensorManager.swift; sourceTree = "<group>"; };
		8966F1262369939200DE2AE0 /* OSLogExtension.swift */ = {isa = PBXFileReference; lastKnownFileType = sourcecode.swift; path = OSLogExtension.swift; sourceTree = "<group>"; };
		8966F12823699BB100DE2AE0 /* UIThemeSwitcher.swift */ = {isa = PBXFileReference; lastKnownFileType = sourcecode.swift; path = UIThemeSwitcher.swift; sourceTree = "<group>"; };
		8966F12A2369D48E00DE2AE0 /* SwitcherViewController.swift */ = {isa = PBXFileReference; lastKnownFileType = sourcecode.swift; path = SwitcherViewController.swift; sourceTree = "<group>"; };
/* End PBXFileReference section */

/* Begin PBXFrameworksBuildPhase section */
		8966F10923697B4200DE2AE0 /* Frameworks */ = {
			isa = PBXFrameworksBuildPhase;
			buildActionMask = 2147483647;
			files = (
				8966F12123697B7100DE2AE0 /* IOKit.framework in Frameworks */,
			);
			runOnlyForDeploymentPostprocessing = 0;
		};
/* End PBXFrameworksBuildPhase section */

/* Begin PBXGroup section */
		8966F10323697B4200DE2AE0 = {
			isa = PBXGroup;
			children = (
				8966F10E23697B4200DE2AE0 /* Ambient Switcher */,
				8966F10D23697B4200DE2AE0 /* Products */,
				8966F11F23697B7100DE2AE0 /* Frameworks */,
			);
			sourceTree = "<group>";
		};
		8966F10D23697B4200DE2AE0 /* Products */ = {
			isa = PBXGroup;
			children = (
				8966F10C23697B4200DE2AE0 /* Ambient Switcher.app */,
			);
			name = Products;
			sourceTree = "<group>";
		};
		8966F10E23697B4200DE2AE0 /* Ambient Switcher */ = {
			isa = PBXGroup;
			children = (
				8966F10F23697B4200DE2AE0 /* AppDelegate.swift */,
				8966F11323697B4400DE2AE0 /* Assets.xcassets */,
				8966F11523697B4400DE2AE0 /* Main.storyboard */,
				8966F11823697B4400DE2AE0 /* Info.plist */,
				8966F11923697B4400DE2AE0 /* Ambient_Switcher.entitlements */,
				8966F12223697BB000DE2AE0 /* LightSensorManager.swift */,
				8966F1262369939200DE2AE0 /* OSLogExtension.swift */,
				8966F12823699BB100DE2AE0 /* UIThemeSwitcher.swift */,
				8966F12A2369D48E00DE2AE0 /* SwitcherViewController.swift */,
				895EAEB3236B433E00F877B3 /* NSLocalizedStringExtention.swift */,
			);
			path = "Ambient Switcher";
			sourceTree = "<group>";
		};
		8966F11F23697B7100DE2AE0 /* Frameworks */ = {
			isa = PBXGroup;
			children = (
				8966F12023697B7100DE2AE0 /* IOKit.framework */,
			);
			name = Frameworks;
			sourceTree = "<group>";
		};
/* End PBXGroup section */

/* Begin PBXNativeTarget section */
		8966F10B23697B4200DE2AE0 /* Ambient Switcher */ = {
			isa = PBXNativeTarget;
			buildConfigurationList = 8966F11C23697B4400DE2AE0 /* Build configuration list for PBXNativeTarget "Ambient Switcher" */;
			buildPhases = (
				8966F10823697B4200DE2AE0 /* Sources */,
				8966F10923697B4200DE2AE0 /* Frameworks */,
				8966F10A23697B4200DE2AE0 /* Resources */,
			);
			buildRules = (
			);
			dependencies = (
			);
			name = "Ambient Switcher";
			productName = "Ambient Switcher";
			productReference = 8966F10C23697B4200DE2AE0 /* Ambient Switcher.app */;
			productType = "com.apple.product-type.application";
		};
/* End PBXNativeTarget section */

/* Begin PBXProject section */
		8966F10423697B4200DE2AE0 /* Project object */ = {
			isa = PBXProject;
			attributes = {
				LastSwiftUpdateCheck = 1110;
				LastUpgradeCheck = 1110;
				ORGANIZATIONNAME = "Александр Гелета";
				TargetAttributes = {
					8966F10B23697B4200DE2AE0 = {
						CreatedOnToolsVersion = 11.1;
					};
				};
			};
			buildConfigurationList = 8966F10723697B4200DE2AE0 /* Build configuration list for PBXProject "Ambient Switcher" */;
			compatibilityVersion = "Xcode 9.3";
			developmentRegion = en;
			hasScannedForEncodings = 0;
			knownRegions = (
				en,
				Base,
				ru,
				"en-US",
			);
			mainGroup = 8966F10323697B4200DE2AE0;
			productRefGroup = 8966F10D23697B4200DE2AE0 /* Products */;
			projectDirPath = "";
			projectRoot = "";
			targets = (
				8966F10B23697B4200DE2AE0 /* Ambient Switcher */,
			);
		};
/* End PBXProject section */

/* Begin PBXResourcesBuildPhase section */
		8966F10A23697B4200DE2AE0 /* Resources */ = {
			isa = PBXResourcesBuildPhase;
			buildActionMask = 2147483647;
			files = (
				8966F11423697B4400DE2AE0 /* Assets.xcassets in Resources */,
				8966F11723697B4400DE2AE0 /* Main.storyboard in Resources */,
			);
			runOnlyForDeploymentPostprocessing = 0;
		};
/* End PBXResourcesBuildPhase section */

/* Begin PBXSourcesBuildPhase section */
		8966F10823697B4200DE2AE0 /* Sources */ = {
			isa = PBXSourcesBuildPhase;
			buildActionMask = 2147483647;
			files = (
				895EAEB4236B433E00F877B3 /* NSLocalizedStringExtention.swift in Sources */,
				8966F12323697BB000DE2AE0 /* LightSensorManager.swift in Sources */,
				8966F11023697B4200DE2AE0 /* AppDelegate.swift in Sources */,
				8966F1272369939200DE2AE0 /* OSLogExtension.swift in Sources */,
				8966F12923699BB100DE2AE0 /* UIThemeSwitcher.swift in Sources */,
				8966F12B2369D48E00DE2AE0 /* SwitcherViewController.swift in Sources */,
			);
			runOnlyForDeploymentPostprocessing = 0;
		};
/* End PBXSourcesBuildPhase section */

/* Begin PBXVariantGroup section */
		8966F11523697B4400DE2AE0 /* Main.storyboard */ = {
			isa = PBXVariantGroup;
			children = (
				8966F11623697B4400DE2AE0 /* Base */,
				895EAEB2236B429A00F877B3 /* ru */,
				895EAEB5236B455200F877B3 /* en-US */,
			);
			name = Main.storyboard;
			sourceTree = "<group>";
		};
/* End PBXVariantGroup section */

/* Begin XCBuildConfiguration section */
		8966F11A23697B4400DE2AE0 /* Debug */ = {
			isa = XCBuildConfiguration;
			buildSettings = {
				ALWAYS_SEARCH_USER_PATHS = NO;
				CLANG_ANALYZER_LOCALIZABILITY_NONLOCALIZED = YES;
				CLANG_ANALYZER_NONNULL = YES;
				CLANG_ANALYZER_NUMBER_OBJECT_CONVERSION = YES_AGGRESSIVE;
				CLANG_CXX_LANGUAGE_STANDARD = "gnu++14";
				CLANG_CXX_LIBRARY = "libc++";
				CLANG_ENABLE_MODULES = YES;
				CLANG_ENABLE_OBJC_ARC = YES;
				CLANG_ENABLE_OBJC_WEAK = YES;
				CLANG_WARN_BLOCK_CAPTURE_AUTORELEASING = YES;
				CLANG_WARN_BOOL_CONVERSION = YES;
				CLANG_WARN_COMMA = YES;
				CLANG_WARN_CONSTANT_CONVERSION = YES;
				CLANG_WARN_DEPRECATED_OBJC_IMPLEMENTATIONS = YES;
				CLANG_WARN_DIRECT_OBJC_ISA_USAGE = YES_ERROR;
				CLANG_WARN_DOCUMENTATION_COMMENTS = YES;
				CLANG_WARN_EMPTY_BODY = YES;
				CLANG_WARN_ENUM_CONVERSION = YES;
				CLANG_WARN_INFINITE_RECURSION = YES;
				CLANG_WARN_INT_CONVERSION = YES;
				CLANG_WARN_NON_LITERAL_NULL_CONVERSION = YES;
				CLANG_WARN_OBJC_IMPLICIT_RETAIN_SELF = YES;
				CLANG_WARN_OBJC_LITERAL_CONVERSION = YES;
				CLANG_WARN_OBJC_ROOT_CLASS = YES_ERROR;
				CLANG_WARN_RANGE_LOOP_ANALYSIS = YES;
				CLANG_WARN_STRICT_PROTOTYPES = YES;
				CLANG_WARN_SUSPICIOUS_MOVE = YES;
				CLANG_WARN_UNGUARDED_AVAILABILITY = YES_AGGRESSIVE;
				CLANG_WARN_UNREACHABLE_CODE = YES;
				CLANG_WARN__DUPLICATE_METHOD_MATCH = YES;
				COPY_PHASE_STRIP = NO;
				DEBUG_INFORMATION_FORMAT = dwarf;
				ENABLE_STRICT_OBJC_MSGSEND = YES;
				ENABLE_TESTABILITY = YES;
				GCC_C_LANGUAGE_STANDARD = gnu11;
				GCC_DYNAMIC_NO_PIC = NO;
				GCC_NO_COMMON_BLOCKS = YES;
				GCC_OPTIMIZATION_LEVEL = 0;
				GCC_PREPROCESSOR_DEFINITIONS = (
					"DEBUG=1",
					"$(inherited)",
				);
				GCC_WARN_64_TO_32_BIT_CONVERSION = YES;
				GCC_WARN_ABOUT_RETURN_TYPE = YES_ERROR;
				GCC_WARN_UNDECLARED_SELECTOR = YES;
				GCC_WARN_UNINITIALIZED_AUTOS = YES_AGGRESSIVE;
				GCC_WARN_UNUSED_FUNCTION = YES;
				GCC_WARN_UNUSED_VARIABLE = YES;
				MACOSX_DEPLOYMENT_TARGET = 10.15;
				MTL_ENABLE_DEBUG_INFO = INCLUDE_SOURCE;
				MTL_FAST_MATH = YES;
				ONLY_ACTIVE_ARCH = YES;
				SDKROOT = macosx;
				SWIFT_ACTIVE_COMPILATION_CONDITIONS = DEBUG;
				SWIFT_OPTIMIZATION_LEVEL = "-Onone";
			};
			name = Debug;
		};
		8966F11B23697B4400DE2AE0 /* Release */ = {
			isa = XCBuildConfiguration;
			buildSettings = {
				ALWAYS_SEARCH_USER_PATHS = NO;
				CLANG_ANALYZER_LOCALIZABILITY_NONLOCALIZED = YES;
				CLANG_ANALYZER_NONNULL = YES;
				CLANG_ANALYZER_NUMBER_OBJECT_CONVERSION = YES_AGGRESSIVE;
				CLANG_CXX_LANGUAGE_STANDARD = "gnu++14";
				CLANG_CXX_LIBRARY = "libc++";
				CLANG_ENABLE_MODULES = YES;
				CLANG_ENABLE_OBJC_ARC = YES;
				CLANG_ENABLE_OBJC_WEAK = YES;
				CLANG_WARN_BLOCK_CAPTURE_AUTORELEASING = YES;
				CLANG_WARN_BOOL_CONVERSION = YES;
				CLANG_WARN_COMMA = YES;
				CLANG_WARN_CONSTANT_CONVERSION = YES;
				CLANG_WARN_DEPRECATED_OBJC_IMPLEMENTATIONS = YES;
				CLANG_WARN_DIRECT_OBJC_ISA_USAGE = YES_ERROR;
				CLANG_WARN_DOCUMENTATION_COMMENTS = YES;
				CLANG_WARN_EMPTY_BODY = YES;
				CLANG_WARN_ENUM_CONVERSION = YES;
				CLANG_WARN_INFINITE_RECURSION = YES;
				CLANG_WARN_INT_CONVERSION = YES;
				CLANG_WARN_NON_LITERAL_NULL_CONVERSION = YES;
				CLANG_WARN_OBJC_IMPLICIT_RETAIN_SELF = YES;
				CLANG_WARN_OBJC_LITERAL_CONVERSION = YES;
				CLANG_WARN_OBJC_ROOT_CLASS = YES_ERROR;
				CLANG_WARN_RANGE_LOOP_ANALYSIS = YES;
				CLANG_WARN_STRICT_PROTOTYPES = YES;
				CLANG_WARN_SUSPICIOUS_MOVE = YES;
				CLANG_WARN_UNGUARDED_AVAILABILITY = YES_AGGRESSIVE;
				CLANG_WARN_UNREACHABLE_CODE = YES;
				CLANG_WARN__DUPLICATE_METHOD_MATCH = YES;
				COPY_PHASE_STRIP = NO;
				DEBUG_INFORMATION_FORMAT = "dwarf-with-dsym";
				ENABLE_NS_ASSERTIONS = NO;
				ENABLE_STRICT_OBJC_MSGSEND = YES;
				GCC_C_LANGUAGE_STANDARD = gnu11;
				GCC_NO_COMMON_BLOCKS = YES;
				GCC_WARN_64_TO_32_BIT_CONVERSION = YES;
				GCC_WARN_ABOUT_RETURN_TYPE = YES_ERROR;
				GCC_WARN_UNDECLARED_SELECTOR = YES;
				GCC_WARN_UNINITIALIZED_AUTOS = YES_AGGRESSIVE;
				GCC_WARN_UNUSED_FUNCTION = YES;
				GCC_WARN_UNUSED_VARIABLE = YES;
				MACOSX_DEPLOYMENT_TARGET = 10.15;
				MTL_ENABLE_DEBUG_INFO = NO;
				MTL_FAST_MATH = YES;
				SDKROOT = macosx;
				SWIFT_COMPILATION_MODE = wholemodule;
				SWIFT_OPTIMIZATION_LEVEL = "-O";
			};
			name = Release;
		};
		8966F11D23697B4400DE2AE0 /* Debug */ = {
			isa = XCBuildConfiguration;
			buildSettings = {
				ASSETCATALOG_COMPILER_APPICON_NAME = AppIcon;
				CODE_SIGN_ENTITLEMENTS = "Ambient Switcher/Ambient_Switcher.entitlements";
				CODE_SIGN_STYLE = Automatic;
				COMBINE_HIDPI_IMAGES = YES;
				INFOPLIST_FILE = "Ambient Switcher/Info.plist";
				LD_RUNPATH_SEARCH_PATHS = (
					"$(inherited)",
					"@executable_path/../Frameworks",
				);
				PRODUCT_BUNDLE_IDENTIFIER = "codeworked.Ambient-Switcher";
				PRODUCT_NAME = "$(TARGET_NAME)";
				SWIFT_VERSION = 5.0;
			};
			name = Debug;
		};
		8966F11E23697B4400DE2AE0 /* Release */ = {
			isa = XCBuildConfiguration;
			buildSettings = {
				ASSETCATALOG_COMPILER_APPICON_NAME = AppIcon;
				CODE_SIGN_ENTITLEMENTS = "Ambient Switcher/Ambient_Switcher.entitlements";
				CODE_SIGN_STYLE = Automatic;
				COMBINE_HIDPI_IMAGES = YES;
				INFOPLIST_FILE = "Ambient Switcher/Info.plist";
				LD_RUNPATH_SEARCH_PATHS = (
					"$(inherited)",
					"@executable_path/../Frameworks",
				);
				PRODUCT_BUNDLE_IDENTIFIER = "codeworked.Ambient-Switcher";
				PRODUCT_NAME = "$(TARGET_NAME)";
				SWIFT_VERSION = 5.0;
			};
			name = Release;
		};
/* End XCBuildConfiguration section */

/* Begin XCConfigurationList section */
		8966F10723697B4200DE2AE0 /* Build configuration list for PBXProject "Ambient Switcher" */ = {
			isa = XCConfigurationList;
			buildConfigurations = (
				8966F11A23697B4400DE2AE0 /* Debug */,
				8966F11B23697B4400DE2AE0 /* Release */,
			);
			defaultConfigurationIsVisible = 0;
			defaultConfigurationName = Release;
		};
		8966F11C23697B4400DE2AE0 /* Build configuration list for PBXNativeTarget "Ambient Switcher" */ = {
			isa = XCConfigurationList;
			buildConfigurations = (
				8966F11D23697B4400DE2AE0 /* Debug */,
				8966F11E23697B4400DE2AE0 /* Release */,
			);
			defaultConfigurationIsVisible = 0;
			defaultConfigurationName = Release;
		};
/* End XCConfigurationList section */
	};
	rootObject = 8966F10423697B4200DE2AE0 /* Project object */;
}
